
Microsoft Visual Studio Solution File, Format Version 12.00
# Visual Studio Version 17
VisualStudioVersion = 17.13.35828.75 d17.13
MinimumVisualStudioVersion = 10.0.40219.1
Project("{FAE04EC0-301F-11D3-BF4B-00C04F79EFBC}") = "home1.3", "home1.3\home1.3.csproj", "{FEC77F3C-904F-4537-A752-2263807D87EA}"
EndProject
Global
	GlobalSection(SolutionConfigurationPlatforms) = preSolution
		Debug|Any CPU = Debug|Any CPU
		Release|Any CPU = Release|Any CPU
	EndGlobalSection
	GlobalSection(ProjectConfigurationPlatforms) = postSolution
		{FEC77F3C-904F-4537-A752-2263807D87EA}.Debug|Any CPU.ActiveCfg = Debug|Any CPU
		{FEC77F3C-904F-4537-A752-2263807D87EA}.Debug|Any CPU.Build.0 = Debug|Any CPU
		{FEC77F3C-904F-4537-A752-2263807D87EA}.Release|Any CPU.ActiveCfg = Release|Any CPU
		{FEC77F3C-904F-4537-A752-2263807D87EA}.Release|Any CPU.Build.0 = Release|Any CPU
	EndGlobalSection
	GlobalSection(SolutionProperties) = preSolution
		HideSolutionNode = FALSE
	EndGlobalSection
	GlobalSection(ExtensibilityGlobals) = postSolution
		SolutionGuid = {18062B54-8994-4652-8E47-D87442745C04}
	EndGlobalSection
EndGlobal
