
Microsoft Visual Studio Solution File, Format Version 12.00
# Visual Studio Version 17
VisualStudioVersion = 17.13.35828.75 d17.13
MinimumVisualStudioVersion = 10.0.40219.1
Project("{FAE04EC0-301F-11D3-BF4B-00C04F79EFBC}") = "class2.2", "class2.2\class2.2.csproj", "{079F8C44-4DD5-4053-A307-18EBDE927F10}"
EndProject
Global
	GlobalSection(SolutionConfigurationPlatforms) = preSolution
		Debug|Any CPU = Debug|Any CPU
		Release|Any CPU = Release|Any CPU
	EndGlobalSection
	GlobalSection(ProjectConfigurationPlatforms) = postSolution
		{079F8C44-4DD5-4053-A307-18EBDE927F10}.Debug|Any CPU.ActiveCfg = Debug|Any CPU
		{079F8C44-4DD5-4053-A307-18EBDE927F10}.Debug|Any CPU.Build.0 = Debug|Any CPU
		{079F8C44-4DD5-4053-A307-18EBDE927F10}.Release|Any CPU.ActiveCfg = Release|Any CPU
		{079F8C44-4DD5-4053-A307-18EBDE927F10}.Release|Any CPU.Build.0 = Release|Any CPU
	EndGlobalSection
	GlobalSection(SolutionProperties) = preSolution
		HideSolutionNode = FALSE
	EndGlobalSection
	GlobalSection(ExtensibilityGlobals) = postSolution
		SolutionGuid = {ADF5EA91-7CAA-4E7F-ABB6-8BFF73F8139F}
	EndGlobalSection
EndGlobal
