
Microsoft Visual Studio Solution File, Format Version 12.00
# Visual Studio Version 17
VisualStudioVersion = 17.13.35828.75 d17.13
MinimumVisualStudioVersion = 10.0.40219.1
Project("{FAE04EC0-301F-11D3-BF4B-00C04F79EFBC}") = "home1.2", "home1.2\home1.2.csproj", "{B39509C7-71EC-4D40-BCE4-C4FECA397C86}"
EndProject
Global
	GlobalSection(SolutionConfigurationPlatforms) = preSolution
		Debug|Any CPU = Debug|Any CPU
		Release|Any CPU = Release|Any CPU
	EndGlobalSection
	GlobalSection(ProjectConfigurationPlatforms) = postSolution
		{B39509C7-71EC-4D40-BCE4-C4FECA397C86}.Debug|Any CPU.ActiveCfg = Debug|Any CPU
		{B39509C7-71EC-4D40-BCE4-C4FECA397C86}.Debug|Any CPU.Build.0 = Debug|Any CPU
		{B39509C7-71EC-4D40-BCE4-C4FECA397C86}.Release|Any CPU.ActiveCfg = Release|Any CPU
		{B39509C7-71EC-4D40-BCE4-C4FECA397C86}.Release|Any CPU.Build.0 = Release|Any CPU
	EndGlobalSection
	GlobalSection(SolutionProperties) = preSolution
		HideSolutionNode = FALSE
	EndGlobalSection
	GlobalSection(ExtensibilityGlobals) = postSolution
		SolutionGuid = {EE9268CF-1B21-43F3-98BA-D1B60ABC9995}
	EndGlobalSection
EndGlobal
