
Microsoft Visual Studio Solution File, Format Version 12.00
# Visual Studio Version 17
VisualStudioVersion = 17.13.35828.75 d17.13
MinimumVisualStudioVersion = 10.0.40219.1
Project("{FAE04EC0-301F-11D3-BF4B-00C04F79EFBC}") = "class1.4", "class1.4\class1.4.csproj", "{F93026B2-92AC-454C-88FE-E4A1C3905D13}"
EndProject
Global
	GlobalSection(SolutionConfigurationPlatforms) = preSolution
		Debug|Any CPU = Debug|Any CPU
		Release|Any CPU = Release|Any CPU
	EndGlobalSection
	GlobalSection(ProjectConfigurationPlatforms) = postSolution
		{F93026B2-92AC-454C-88FE-E4A1C3905D13}.Debug|Any CPU.ActiveCfg = Debug|Any CPU
		{F93026B2-92AC-454C-88FE-E4A1C3905D13}.Debug|Any CPU.Build.0 = Debug|Any CPU
		{F93026B2-92AC-454C-88FE-E4A1C3905D13}.Release|Any CPU.ActiveCfg = Release|Any CPU
		{F93026B2-92AC-454C-88FE-E4A1C3905D13}.Release|Any CPU.Build.0 = Release|Any CPU
	EndGlobalSection
	GlobalSection(SolutionProperties) = preSolution
		HideSolutionNode = FALSE
	EndGlobalSection
	GlobalSection(ExtensibilityGlobals) = postSolution
		SolutionGuid = {EF1FCBCE-66D4-4F39-B111-5D0D3D546C7F}
	EndGlobalSection
EndGlobal
